// !$*UTF8*$!
{
	archiveVersion = 1;
	classes = {
	};
	objectVersion = 56;
	objects = {

/* Begin PBXBuildFile section */
		34251E852CAC2B330081E099 /* UIView+Ext.swift in Sources */ = {isa = PBXBuildFile; fileRef = 34251E842CAC2B330081E099 /* UIView+Ext.swift */; };
		34554ED32CC736A300A1A80B /* UITableView+Ext.swift in Sources */ = {isa = PBXBuildFile; fileRef = 34554ED22CC736A200A1A80B /* UITableView+Ext.swift */; };
		346CD76D2C34516B000796AE /* GFEmptyStateView.swift in Sources */ = {isa = PBXBuildFile; fileRef = 346CD76C2C34516B000796AE /* GFEmptyStateView.swift */; };
		346CD76F2C43051E000796AE /* UserInfoVC.swift in Sources */ = {isa = PBXBuildFile; fileRef = 346CD76E2C43051E000796AE /* UserInfoVC.swift */; };
		346CD7712C4EAD82000796AE /* GFError.swift in Sources */ = {isa = PBXBuildFile; fileRef = 346CD7702C4EAD82000796AE /* GFError.swift */; };
		34816E8E2B9A7CCD00EF3477 /* GFButton.swift in Sources */ = {isa = PBXBuildFile; fileRef = 34816E8D2B9A7CCD00EF3477 /* GFButton.swift */; };
		34816E902B9AA01C00EF3477 /* GFTextField.swift in Sources */ = {isa = PBXBuildFile; fileRef = 34816E8F2B9AA01C00EF3477 /* GFTextField.swift */; };
		34816E922BA144DC00EF3477 /* FollowerListVC.swift in Sources */ = {isa = PBXBuildFile; fileRef = 34816E912BA144DC00EF3477 /* FollowerListVC.swift */; };
		34816E942BA4A8C400EF3477 /* GFTitleLabel.swift in Sources */ = {isa = PBXBuildFile; fileRef = 34816E932BA4A8C400EF3477 /* GFTitleLabel.swift */; };
		34816E962BA4ABE600EF3477 /* GFBodyLabel.swift in Sources */ = {isa = PBXBuildFile; fileRef = 34816E952BA4ABE600EF3477 /* GFBodyLabel.swift */; };
		34816E982BA4ADE100EF3477 /* GFAlertVC.swift in Sources */ = {isa = PBXBuildFile; fileRef = 34816E972BA4ADE100EF3477 /* GFAlertVC.swift */; };
		34816E9A2BA4E4F200EF3477 /* UIViewController+Ext.swift in Sources */ = {isa = PBXBuildFile; fileRef = 34816E992BA4E4F200EF3477 /* UIViewController+Ext.swift */; };
		34816E9C2BA6340800EF3477 /* GFAlertContainerView.swift in Sources */ = {isa = PBXBuildFile; fileRef = 34816E9B2BA6340800EF3477 /* GFAlertContainerView.swift */; };
		34816EA32BAB294E00EF3477 /* Follower.swift in Sources */ = {isa = PBXBuildFile; fileRef = 34816EA22BAB294E00EF3477 /* Follower.swift */; };
		34816EA52BAB373C00EF3477 /* User.swift in Sources */ = {isa = PBXBuildFile; fileRef = 34816EA42BAB373C00EF3477 /* User.swift */; };
		34816EA82BACFDD400EF3477 /* NetworkManager.swift in Sources */ = {isa = PBXBuildFile; fileRef = 34816EA72BACFDD400EF3477 /* NetworkManager.swift */; };
		349218AA2C6EDAC700838FFD /* GFItemInfoView.swift in Sources */ = {isa = PBXBuildFile; fileRef = 349218A92C6EDAC700838FFD /* GFItemInfoView.swift */; };
		349218AC2C6EED0F00838FFD /* GFItemInfoVC.swift in Sources */ = {isa = PBXBuildFile; fileRef = 349218AB2C6EED0F00838FFD /* GFItemInfoVC.swift */; };
		34AF61432CA24CA20097643D /* GFTabBarController.swift in Sources */ = {isa = PBXBuildFile; fileRef = 34AF61422CA24CA20097643D /* GFTabBarController.swift */; };
		34AF61492CA257E30097643D /* UIResponder+Utlis.swift in Sources */ = {isa = PBXBuildFile; fileRef = 34AF61482CA257E30097643D /* UIResponder+Utlis.swift */; };
		34AF614B2CA312380097643D /* GFDataLoadingVC.swift in Sources */ = {isa = PBXBuildFile; fileRef = 34AF614A2CA312380097643D /* GFDataLoadingVC.swift */; };
		34C5E2F22C765B10003C0C81 /* GFRepoItemVC.swift in Sources */ = {isa = PBXBuildFile; fileRef = 34C5E2F12C765B10003C0C81 /* GFRepoItemVC.swift */; };
		34C5E2F42C76703B003C0C81 /* GFFollowerItemVC.swift in Sources */ = {isa = PBXBuildFile; fileRef = 34C5E2F32C76703B003C0C81 /* GFFollowerItemVC.swift */; };
		34C5E2F72C77762D003C0C81 /* Date+Ext.swift in Sources */ = {isa = PBXBuildFile; fileRef = 34C5E2F62C77762D003C0C81 /* Date+Ext.swift */; };
		34C5E2F92C7776EC003C0C81 /* String+Ext.swift in Sources */ = {isa = PBXBuildFile; fileRef = 34C5E2F82C7776EC003C0C81 /* String+Ext.swift */; };
		34C5E2FB2C810495003C0C81 /* PersistenceManager.swift in Sources */ = {isa = PBXBuildFile; fileRef = 34C5E2FA2C810495003C0C81 /* PersistenceManager.swift */; };
		34C5E2FD2C8FDD78003C0C81 /* FavoriteCell.swift in Sources */ = {isa = PBXBuildFile; fileRef = 34C5E2FC2C8FDD78003C0C81 /* FavoriteCell.swift */; };
		34D97DFA2BD8AF9100282B60 /* UIHelper.swift in Sources */ = {isa = PBXBuildFile; fileRef = 34D97DF92BD8AF9100282B60 /* UIHelper.swift */; };
		34E6E62B2C64540E007A064B /* GFUserInfoHeaderVC.swift in Sources */ = {isa = PBXBuildFile; fileRef = 34E6E62A2C64540E007A064B /* GFUserInfoHeaderVC.swift */; };
		34E6E62D2C645589007A064B /* GFSecondaryTitleLabel.swift in Sources */ = {isa = PBXBuildFile; fileRef = 34E6E62C2C645589007A064B /* GFSecondaryTitleLabel.swift */; };
		34E6E62F2C646004007A064B /* Constants.swift in Sources */ = {isa = PBXBuildFile; fileRef = 34E6E62E2C646004007A064B /* Constants.swift */; };
		34EBBAB12BBCE7C800A255BE /* FollowerCell.swift in Sources */ = {isa = PBXBuildFile; fileRef = 34EBBAB02BBCE7C800A255BE /* FollowerCell.swift */; };
		34EBBAB32BBCE9E100A255BE /* GFAvatarImageView.swift in Sources */ = {isa = PBXBuildFile; fileRef = 34EBBAB22BBCE9E100A255BE /* GFAvatarImageView.swift */; };
		34EFBED92B87ED1800C938B9 /* AppDelegate.swift in Sources */ = {isa = PBXBuildFile; fileRef = 34EFBED82B87ED1800C938B9 /* AppDelegate.swift */; };
		34EFBEDB2B87ED1800C938B9 /* SceneDelegate.swift in Sources */ = {isa = PBXBuildFile; fileRef = 34EFBEDA2B87ED1800C938B9 /* SceneDelegate.swift */; };
		34EFBEE22B87ED1900C938B9 /* Assets.xcassets in Resources */ = {isa = PBXBuildFile; fileRef = 34EFBEE12B87ED1900C938B9 /* Assets.xcassets */; };
		34EFBEE52B87ED1900C938B9 /* LaunchScreen.storyboard in Resources */ = {isa = PBXBuildFile; fileRef = 34EFBEE32B87ED1900C938B9 /* LaunchScreen.storyboard */; };
		34EFBEED2B891E9900C938B9 /* SearchVC.swift in Sources */ = {isa = PBXBuildFile; fileRef = 34EFBEEC2B891E9900C938B9 /* SearchVC.swift */; };
		34EFBEEF2B891EC400C938B9 /* FavoritesListVC.swift in Sources */ = {isa = PBXBuildFile; fileRef = 34EFBEEE2B891EC400C938B9 /* FavoritesListVC.swift */; };
/* End PBXBuildFile section */

/* Begin PBXFileReference section */
		34251E842CAC2B330081E099 /* UIView+Ext.swift */ = {isa = PBXFileReference; lastKnownFileType = sourcecode.swift; path = "UIView+Ext.swift"; sourceTree = "<group>"; };
		34554ED22CC736A200A1A80B /* UITableView+Ext.swift */ = {isa = PBXFileReference; lastKnownFileType = sourcecode.swift; path = "UITableView+Ext.swift"; sourceTree = "<group>"; };
		346CD76C2C34516B000796AE /* GFEmptyStateView.swift */ = {isa = PBXFileReference; lastKnownFileType = sourcecode.swift; path = GFEmptyStateView.swift; sourceTree = "<group>"; };
		346CD76E2C43051E000796AE /* UserInfoVC.swift */ = {isa = PBXFileReference; lastKnownFileType = sourcecode.swift; path = UserInfoVC.swift; sourceTree = "<group>"; };
		346CD7702C4EAD82000796AE /* GFError.swift */ = {isa = PBXFileReference; lastKnownFileType = sourcecode.swift; path = GFError.swift; sourceTree = "<group>"; };
		34816E8D2B9A7CCD00EF3477 /* GFButton.swift */ = {isa = PBXFileReference; lastKnownFileType = sourcecode.swift; path = GFButton.swift; sourceTree = "<group>"; };
		34816E8F2B9AA01C00EF3477 /* GFTextField.swift */ = {isa = PBXFileReference; lastKnownFileType = sourcecode.swift; path = GFTextField.swift; sourceTree = "<group>"; };
		34816E912BA144DC00EF3477 /* FollowerListVC.swift */ = {isa = PBXFileReference; lastKnownFileType = sourcecode.swift; path = FollowerListVC.swift; sourceTree = "<group>"; };
		34816E932BA4A8C400EF3477 /* GFTitleLabel.swift */ = {isa = PBXFileReference; lastKnownFileType = sourcecode.swift; path = GFTitleLabel.swift; sourceTree = "<group>"; };
		34816E952BA4ABE600EF3477 /* GFBodyLabel.swift */ = {isa = PBXFileReference; lastKnownFileType = sourcecode.swift; path = GFBodyLabel.swift; sourceTree = "<group>"; };
		34816E972BA4ADE100EF3477 /* GFAlertVC.swift */ = {isa = PBXFileReference; lastKnownFileType = sourcecode.swift; path = GFAlertVC.swift; sourceTree = "<group>"; };
		34816E992BA4E4F200EF3477 /* UIViewController+Ext.swift */ = {isa = PBXFileReference; lastKnownFileType = sourcecode.swift; path = "UIViewController+Ext.swift"; sourceTree = "<group>"; };
		34816E9B2BA6340800EF3477 /* GFAlertContainerView.swift */ = {isa = PBXFileReference; lastKnownFileType = sourcecode.swift; path = GFAlertContainerView.swift; sourceTree = "<group>"; };
		34816EA22BAB294E00EF3477 /* Follower.swift */ = {isa = PBXFileReference; lastKnownFileType = sourcecode.swift; path = Follower.swift; sourceTree = "<group>"; };
		34816EA42BAB373C00EF3477 /* User.swift */ = {isa = PBXFileReference; lastKnownFileType = sourcecode.swift; path = User.swift; sourceTree = "<group>"; };
		34816EA72BACFDD400EF3477 /* NetworkManager.swift */ = {isa = PBXFileReference; lastKnownFileType = sourcecode.swift; path = NetworkManager.swift; sourceTree = "<group>"; };
		349218A92C6EDAC700838FFD /* GFItemInfoView.swift */ = {isa = PBXFileReference; lastKnownFileType = sourcecode.swift; path = GFItemInfoView.swift; sourceTree = "<group>"; };
		349218AB2C6EED0F00838FFD /* GFItemInfoVC.swift */ = {isa = PBXFileReference; lastKnownFileType = sourcecode.swift; path = GFItemInfoVC.swift; sourceTree = "<group>"; };
		34AF61422CA24CA20097643D /* GFTabBarController.swift */ = {isa = PBXFileReference; lastKnownFileType = sourcecode.swift; path = GFTabBarController.swift; sourceTree = "<group>"; };
		34AF61482CA257E30097643D /* UIResponder+Utlis.swift */ = {isa = PBXFileReference; lastKnownFileType = sourcecode.swift; path = "UIResponder+Utlis.swift"; sourceTree = "<group>"; };
		34AF614A2CA312380097643D /* GFDataLoadingVC.swift */ = {isa = PBXFileReference; lastKnownFileType = sourcecode.swift; path = GFDataLoadingVC.swift; sourceTree = "<group>"; };
		34C5E2F12C765B10003C0C81 /* GFRepoItemVC.swift */ = {isa = PBXFileReference; lastKnownFileType = sourcecode.swift; path = GFRepoItemVC.swift; sourceTree = "<group>"; };
		34C5E2F32C76703B003C0C81 /* GFFollowerItemVC.swift */ = {isa = PBXFileReference; lastKnownFileType = sourcecode.swift; path = GFFollowerItemVC.swift; sourceTree = "<group>"; };
		34C5E2F62C77762D003C0C81 /* Date+Ext.swift */ = {isa = PBXFileReference; lastKnownFileType = sourcecode.swift; path = "Date+Ext.swift"; sourceTree = "<group>"; };
		34C5E2F82C7776EC003C0C81 /* String+Ext.swift */ = {isa = PBXFileReference; lastKnownFileType = sourcecode.swift; path = "String+Ext.swift"; sourceTree = "<group>"; };
		34C5E2FA2C810495003C0C81 /* PersistenceManager.swift */ = {isa = PBXFileReference; lastKnownFileType = sourcecode.swift; path = PersistenceManager.swift; sourceTree = "<group>"; };
		34C5E2FC2C8FDD78003C0C81 /* FavoriteCell.swift */ = {isa = PBXFileReference; lastKnownFileType = sourcecode.swift; path = FavoriteCell.swift; sourceTree = "<group>"; };
		34D97DF92BD8AF9100282B60 /* UIHelper.swift */ = {isa = PBXFileReference; lastKnownFileType = sourcecode.swift; path = UIHelper.swift; sourceTree = "<group>"; };
		34E6E62A2C64540E007A064B /* GFUserInfoHeaderVC.swift */ = {isa = PBXFileReference; lastKnownFileType = sourcecode.swift; path = GFUserInfoHeaderVC.swift; sourceTree = "<group>"; };
		34E6E62C2C645589007A064B /* GFSecondaryTitleLabel.swift */ = {isa = PBXFileReference; lastKnownFileType = sourcecode.swift; path = GFSecondaryTitleLabel.swift; sourceTree = "<group>"; };
		34E6E62E2C646004007A064B /* Constants.swift */ = {isa = PBXFileReference; lastKnownFileType = sourcecode.swift; path = Constants.swift; sourceTree = "<group>"; };
		34EBBAB02BBCE7C800A255BE /* FollowerCell.swift */ = {isa = PBXFileReference; lastKnownFileType = sourcecode.swift; path = FollowerCell.swift; sourceTree = "<group>"; };
		34EBBAB22BBCE9E100A255BE /* GFAvatarImageView.swift */ = {isa = PBXFileReference; lastKnownFileType = sourcecode.swift; path = GFAvatarImageView.swift; sourceTree = "<group>"; };
		34EFBED52B87ED1800C938B9 /* GithubFollowers.app */ = {isa = PBXFileReference; explicitFileType = wrapper.application; includeInIndex = 0; path = GithubFollowers.app; sourceTree = BUILT_PRODUCTS_DIR; };
		34EFBED82B87ED1800C938B9 /* AppDelegate.swift */ = {isa = PBXFileReference; lastKnownFileType = sourcecode.swift; path = AppDelegate.swift; sourceTree = "<group>"; };
		34EFBEDA2B87ED1800C938B9 /* SceneDelegate.swift */ = {isa = PBXFileReference; lastKnownFileType = sourcecode.swift; path = SceneDelegate.swift; sourceTree = "<group>"; };
		34EFBEE12B87ED1900C938B9 /* Assets.xcassets */ = {isa = PBXFileReference; lastKnownFileType = folder.assetcatalog; path = Assets.xcassets; sourceTree = "<group>"; };
		34EFBEE42B87ED1900C938B9 /* Base */ = {isa = PBXFileReference; lastKnownFileType = file.storyboard; name = Base; path = Base.lproj/LaunchScreen.storyboard; sourceTree = "<group>"; };
		34EFBEE62B87ED1900C938B9 /* Info.plist */ = {isa = PBXFileReference; lastKnownFileType = text.plist.xml; path = Info.plist; sourceTree = "<group>"; };
		34EFBEEC2B891E9900C938B9 /* SearchVC.swift */ = {isa = PBXFileReference; lastKnownFileType = sourcecode.swift; path = SearchVC.swift; sourceTree = "<group>"; };
		34EFBEEE2B891EC400C938B9 /* FavoritesListVC.swift */ = {isa = PBXFileReference; lastKnownFileType = sourcecode.swift; path = FavoritesListVC.swift; sourceTree = "<group>"; };
/* End PBXFileReference section */

/* Begin PBXFrameworksBuildPhase section */
		34EFBED22B87ED1800C938B9 /* Frameworks */ = {
			isa = PBXFrameworksBuildPhase;
			buildActionMask = 2147483647;
			files = (
			);
			runOnlyForDeploymentPostprocessing = 0;
		};
/* End PBXFrameworksBuildPhase section */

/* Begin PBXGroup section */
		346CD7662C344FB6000796AE /* Views */ = {
			isa = PBXGroup;
			children = (
				34816E9B2BA6340800EF3477 /* GFAlertContainerView.swift */,
				346CD76C2C34516B000796AE /* GFEmptyStateView.swift */,
				349218A92C6EDAC700838FFD /* GFItemInfoView.swift */,
			);
			path = Views;
			sourceTree = "<group>";
		};
		346CD7672C344FBC000796AE /* Buttons */ = {
			isa = PBXGroup;
			children = (
				34816E8D2B9A7CCD00EF3477 /* GFButton.swift */,
			);
			path = Buttons;
			sourceTree = "<group>";
		};
		346CD7682C344FCF000796AE /* TextFields */ = {
			isa = PBXGroup;
			children = (
				34816E8F2B9AA01C00EF3477 /* GFTextField.swift */,
			);
			path = TextFields;
			sourceTree = "<group>";
		};
		346CD7692C344FDE000796AE /* ImageViews */ = {
			isa = PBXGroup;
			children = (
				34EBBAB22BBCE9E100A255BE /* GFAvatarImageView.swift */,
			);
			path = ImageViews;
			sourceTree = "<group>";
		};
		346CD76A2C344FF0000796AE /* ViewControllers */ = {
			isa = PBXGroup;
			children = (
				34C5E2F52C767130003C0C81 /* ItemInfoVCs */,
				34816E972BA4ADE100EF3477 /* GFAlertVC.swift */,
				34E6E62A2C64540E007A064B /* GFUserInfoHeaderVC.swift */,
				34AF614A2CA312380097643D /* GFDataLoadingVC.swift */,
			);
			path = ViewControllers;
			sourceTree = "<group>";
		};
		346CD76B2C345035000796AE /* Labels */ = {
			isa = PBXGroup;
			children = (
				34816E932BA4A8C400EF3477 /* GFTitleLabel.swift */,
				34816E952BA4ABE600EF3477 /* GFBodyLabel.swift */,
				34E6E62C2C645589007A064B /* GFSecondaryTitleLabel.swift */,
			);
			path = Labels;
			sourceTree = "<group>";
		};
		34816E9D2BA6395000EF3477 /* Controllers */ = {
			isa = PBXGroup;
			children = (
				34EFBEEC2B891E9900C938B9 /* SearchVC.swift */,
				34816E912BA144DC00EF3477 /* FollowerListVC.swift */,
				34EFBEEE2B891EC400C938B9 /* FavoritesListVC.swift */,
				346CD76E2C43051E000796AE /* UserInfoVC.swift */,
			);
			path = Controllers;
			sourceTree = "<group>";
		};
		34816E9E2BA63A4A00EF3477 /* Custom Views */ = {
			isa = PBXGroup;
			children = (
				34AF61412CA24C6E0097643D /* TabBarControllers */,
				346CD76B2C345035000796AE /* Labels */,
				346CD76A2C344FF0000796AE /* ViewControllers */,
				346CD7692C344FDE000796AE /* ImageViews */,
				346CD7682C344FCF000796AE /* TextFields */,
				346CD7672C344FBC000796AE /* Buttons */,
				346CD7662C344FB6000796AE /* Views */,
				34EBBAAF2BBCE76700A255BE /* Cells */,
			);
			path = "Custom Views";
			sourceTree = "<group>";
		};
		34816E9F2BA63B3E00EF3477 /* Extensions */ = {
			isa = PBXGroup;
			children = (
				34554ED22CC736A200A1A80B /* UITableView+Ext.swift */,
				34816E992BA4E4F200EF3477 /* UIViewController+Ext.swift */,
				34C5E2F62C77762D003C0C81 /* Date+Ext.swift */,
				34C5E2F82C7776EC003C0C81 /* String+Ext.swift */,
				34251E842CAC2B330081E099 /* UIView+Ext.swift */,
			);
			path = Extensions;
			sourceTree = "<group>";
		};
		34816EA02BA63CB400EF3477 /* Support */ = {
			isa = PBXGroup;
			children = (
				34EFBED82B87ED1800C938B9 /* AppDelegate.swift */,
				34EFBEDA2B87ED1800C938B9 /* SceneDelegate.swift */,
				34EFBEE12B87ED1900C938B9 /* Assets.xcassets */,
				34EFBEE32B87ED1900C938B9 /* LaunchScreen.storyboard */,
			);
			path = Support;
			sourceTree = "<group>";
		};
		34816EA12BAB291300EF3477 /* Model */ = {
			isa = PBXGroup;
			children = (
				34816EA22BAB294E00EF3477 /* Follower.swift */,
				34816EA42BAB373C00EF3477 /* User.swift */,
			);
			path = Model;
			sourceTree = "<group>";
		};
		34816EA62BACFDB900EF3477 /* Managers */ = {
			isa = PBXGroup;
			children = (
				34816EA72BACFDD400EF3477 /* NetworkManager.swift */,
				34C5E2FA2C810495003C0C81 /* PersistenceManager.swift */,
			);
			path = Managers;
			sourceTree = "<group>";
		};
		34AF61412CA24C6E0097643D /* TabBarControllers */ = {
			isa = PBXGroup;
			children = (
				34AF61422CA24CA20097643D /* GFTabBarController.swift */,
			);
			path = TabBarControllers;
			sourceTree = "<group>";
		};
		34C5E2F52C767130003C0C81 /* ItemInfoVCs */ = {
			isa = PBXGroup;
			children = (
				349218AB2C6EED0F00838FFD /* GFItemInfoVC.swift */,
				34C5E2F12C765B10003C0C81 /* GFRepoItemVC.swift */,
				34C5E2F32C76703B003C0C81 /* GFFollowerItemVC.swift */,
			);
			path = ItemInfoVCs;
			sourceTree = "<group>";
		};
		34EBBAAC2BB654C100A255BE /* Utilities */ = {
			isa = PBXGroup;
			children = (
				34D97DF92BD8AF9100282B60 /* UIHelper.swift */,
				346CD7702C4EAD82000796AE /* GFError.swift */,
				34E6E62E2C646004007A064B /* Constants.swift */,
				34AF61482CA257E30097643D /* UIResponder+Utlis.swift */,
			);
			path = Utilities;
			sourceTree = "<group>";
		};
		34EBBAAF2BBCE76700A255BE /* Cells */ = {
			isa = PBXGroup;
			children = (
				34EBBAB02BBCE7C800A255BE /* FollowerCell.swift */,
				34C5E2FC2C8FDD78003C0C81 /* FavoriteCell.swift */,
			);
			path = Cells;
			sourceTree = "<group>";
		};
		34EFBECC2B87ED1800C938B9 = {
			isa = PBXGroup;
			children = (
				34EFBED72B87ED1800C938B9 /* GithubFollowers */,
				34EFBED62B87ED1800C938B9 /* Products */,
			);
			sourceTree = "<group>";
		};
		34EFBED62B87ED1800C938B9 /* Products */ = {
			isa = PBXGroup;
			children = (
				34EFBED52B87ED1800C938B9 /* GithubFollowers.app */,
			);
			name = Products;
			sourceTree = "<group>";
		};
		34EFBED72B87ED1800C938B9 /* GithubFollowers */ = {
			isa = PBXGroup;
			children = (
				34EBBAAC2BB654C100A255BE /* Utilities */,
				34816EA62BACFDB900EF3477 /* Managers */,
				34816EA12BAB291300EF3477 /* Model */,
				34816E9E2BA63A4A00EF3477 /* Custom Views */,
				34816E9D2BA6395000EF3477 /* Controllers */,
				34816E9F2BA63B3E00EF3477 /* Extensions */,
				34816EA02BA63CB400EF3477 /* Support */,
				34EFBEE62B87ED1900C938B9 /* Info.plist */,
			);
			path = GithubFollowers;
			sourceTree = "<group>";
		};
/* End PBXGroup section */

/* Begin PBXNativeTarget section */
		34EFBED42B87ED1800C938B9 /* GithubFollowers */ = {
			isa = PBXNativeTarget;
			buildConfigurationList = 34EFBEE92B87ED1900C938B9 /* Build configuration list for PBXNativeTarget "GithubFollowers" */;
			buildPhases = (
				34EFBED12B87ED1800C938B9 /* Sources */,
				34EFBED22B87ED1800C938B9 /* Frameworks */,
				34EFBED32B87ED1800C938B9 /* Resources */,
			);
			buildRules = (
			);
			dependencies = (
			);
			name = GithubFollowers;
			productName = GithubFollowers;
			productReference = 34EFBED52B87ED1800C938B9 /* GithubFollowers.app */;
			productType = "com.apple.product-type.application";
		};
/* End PBXNativeTarget section */

/* Begin PBXProject section */
		34EFBECD2B87ED1800C938B9 /* Project object */ = {
			isa = PBXProject;
			attributes = {
				BuildIndependentTargetsInParallel = 1;
				LastSwiftUpdateCheck = 1520;
				LastUpgradeCheck = 1520;
				TargetAttributes = {
					34EFBED42B87ED1800C938B9 = {
						CreatedOnToolsVersion = 15.2;
					};
				};
			};
			buildConfigurationList = 34EFBED02B87ED1800C938B9 /* Build configuration list for PBXProject "GithubFollowers" */;
			compatibilityVersion = "Xcode 14.0";
			developmentRegion = en;
			hasScannedForEncodings = 0;
			knownRegions = (
				en,
				Base,
			);
			mainGroup = 34EFBECC2B87ED1800C938B9;
			productRefGroup = 34EFBED62B87ED1800C938B9 /* Products */;
			projectDirPath = "";
			projectRoot = "";
			targets = (
				34EFBED42B87ED1800C938B9 /* GithubFollowers */,
			);
		};
/* End PBXProject section */

/* Begin PBXResourcesBuildPhase section */
		34EFBED32B87ED1800C938B9 /* Resources */ = {
			isa = PBXResourcesBuildPhase;
			buildActionMask = 2147483647;
			files = (
				34EFBEE52B87ED1900C938B9 /* LaunchScreen.storyboard in Resources */,
				34EFBEE22B87ED1900C938B9 /* Assets.xcassets in Resources */,
			);
			runOnlyForDeploymentPostprocessing = 0;
		};
/* End PBXResourcesBuildPhase section */

/* Begin PBXSourcesBuildPhase section */
		34EFBED12B87ED1800C938B9 /* Sources */ = {
			isa = PBXSourcesBuildPhase;
			buildActionMask = 2147483647;
			files = (
				34816E9C2BA6340800EF3477 /* GFAlertContainerView.swift in Sources */,
				34EFBEED2B891E9900C938B9 /* SearchVC.swift in Sources */,
				34816E9A2BA4E4F200EF3477 /* UIViewController+Ext.swift in Sources */,
				34E6E62B2C64540E007A064B /* GFUserInfoHeaderVC.swift in Sources */,
				34816E922BA144DC00EF3477 /* FollowerListVC.swift in Sources */,
				34554ED32CC736A300A1A80B /* UITableView+Ext.swift in Sources */,
				34816E8E2B9A7CCD00EF3477 /* GFButton.swift in Sources */,
				346CD76D2C34516B000796AE /* GFEmptyStateView.swift in Sources */,
				34E6E62D2C645589007A064B /* GFSecondaryTitleLabel.swift in Sources */,
				34EFBEEF2B891EC400C938B9 /* FavoritesListVC.swift in Sources */,
				34816EA52BAB373C00EF3477 /* User.swift in Sources */,
				346CD7712C4EAD82000796AE /* GFError.swift in Sources */,
				34EBBAB12BBCE7C800A255BE /* FollowerCell.swift in Sources */,
				34C5E2FB2C810495003C0C81 /* PersistenceManager.swift in Sources */,
				34C5E2FD2C8FDD78003C0C81 /* FavoriteCell.swift in Sources */,
				34C5E2F22C765B10003C0C81 /* GFRepoItemVC.swift in Sources */,
				34EBBAB32BBCE9E100A255BE /* GFAvatarImageView.swift in Sources */,
				34816E982BA4ADE100EF3477 /* GFAlertVC.swift in Sources */,
				346CD76F2C43051E000796AE /* UserInfoVC.swift in Sources */,
				34816EA32BAB294E00EF3477 /* Follower.swift in Sources */,
				34EFBED92B87ED1800C938B9 /* AppDelegate.swift in Sources */,
				34C5E2F92C7776EC003C0C81 /* String+Ext.swift in Sources */,
				34816E942BA4A8C400EF3477 /* GFTitleLabel.swift in Sources */,
				349218AC2C6EED0F00838FFD /* GFItemInfoVC.swift in Sources */,
				34AF614B2CA312380097643D /* GFDataLoadingVC.swift in Sources */,
				34C5E2F42C76703B003C0C81 /* GFFollowerItemVC.swift in Sources */,
				34AF61492CA257E30097643D /* UIResponder+Utlis.swift in Sources */,
				34EFBEDB2B87ED1800C938B9 /* SceneDelegate.swift in Sources */,
				34D97DFA2BD8AF9100282B60 /* UIHelper.swift in Sources */,
				34C5E2F72C77762D003C0C81 /* Date+Ext.swift in Sources */,
				34816EA82BACFDD400EF3477 /* NetworkManager.swift in Sources */,
				34816E902B9AA01C00EF3477 /* GFTextField.swift in Sources */,
				349218AA2C6EDAC700838FFD /* GFItemInfoView.swift in Sources */,
				34251E852CAC2B330081E099 /* UIView+Ext.swift in Sources */,
				34816E962BA4ABE600EF3477 /* GFBodyLabel.swift in Sources */,
				34E6E62F2C646004007A064B /* Constants.swift in Sources */,
				34AF61432CA24CA20097643D /* GFTabBarController.swift in Sources */,
			);
			runOnlyForDeploymentPostprocessing = 0;
		};
/* End PBXSourcesBuildPhase section */

/* Begin PBXVariantGroup section */
		34EFBEE32B87ED1900C938B9 /* LaunchScreen.storyboard */ = {
			isa = PBXVariantGroup;
			children = (
				34EFBEE42B87ED1900C938B9 /* Base */,
			);
			name = LaunchScreen.storyboard;
			sourceTree = "<group>";
		};
/* End PBXVariantGroup section */

/* Begin XCBuildConfiguration section */
		34EFBEE72B87ED1900C938B9 /* Debug */ = {
			isa = XCBuildConfiguration;
			buildSettings = {
				ALWAYS_SEARCH_USER_PATHS = NO;
				ASSETCATALOG_COMPILER_GENERATE_SWIFT_ASSET_SYMBOL_EXTENSIONS = YES;
				CLANG_ANALYZER_NONNULL = YES;
				CLANG_ANALYZER_NUMBER_OBJECT_CONVERSION = YES_AGGRESSIVE;
				CLANG_CXX_LANGUAGE_STANDARD = "gnu++20";
				CLANG_ENABLE_MODULES = YES;
				CLANG_ENABLE_OBJC_ARC = YES;
				CLANG_ENABLE_OBJC_WEAK = YES;
				CLANG_WARN_BLOCK_CAPTURE_AUTORELEASING = YES;
				CLANG_WARN_BOOL_CONVERSION = YES;
				CLANG_WARN_COMMA = YES;
				CLANG_WARN_CONSTANT_CONVERSION = YES;
				CLANG_WARN_DEPRECATED_OBJC_IMPLEMENTATIONS = YES;
				CLANG_WARN_DIRECT_OBJC_ISA_USAGE = YES_ERROR;
				CLANG_WARN_DOCUMENTATION_COMMENTS = YES;
				CLANG_WARN_EMPTY_BODY = YES;
				CLANG_WARN_ENUM_CONVERSION = YES;
				CLANG_WARN_INFINITE_RECURSION = YES;
				CLANG_WARN_INT_CONVERSION = YES;
				CLANG_WARN_NON_LITERAL_NULL_CONVERSION = YES;
				CLANG_WARN_OBJC_IMPLICIT_RETAIN_SELF = YES;
				CLANG_WARN_OBJC_LITERAL_CONVERSION = YES;
				CLANG_WARN_OBJC_ROOT_CLASS = YES_ERROR;
				CLANG_WARN_QUOTED_INCLUDE_IN_FRAMEWORK_HEADER = YES;
				CLANG_WARN_RANGE_LOOP_ANALYSIS = YES;
				CLANG_WARN_STRICT_PROTOTYPES = YES;
				CLANG_WARN_SUSPICIOUS_MOVE = YES;
				CLANG_WARN_UNGUARDED_AVAILABILITY = YES_AGGRESSIVE;
				CLANG_WARN_UNREACHABLE_CODE = YES;
				CLANG_WARN__DUPLICATE_METHOD_MATCH = YES;
				COPY_PHASE_STRIP = NO;
				DEBUG_INFORMATION_FORMAT = dwarf;
				ENABLE_STRICT_OBJC_MSGSEND = YES;
				ENABLE_TESTABILITY = YES;
				ENABLE_USER_SCRIPT_SANDBOXING = YES;
				GCC_C_LANGUAGE_STANDARD = gnu17;
				GCC_DYNAMIC_NO_PIC = NO;
				GCC_NO_COMMON_BLOCKS = YES;
				GCC_OPTIMIZATION_LEVEL = 0;
				GCC_PREPROCESSOR_DEFINITIONS = (
					"DEBUG=1",
					"$(inherited)",
				);
				GCC_WARN_64_TO_32_BIT_CONVERSION = YES;
				GCC_WARN_ABOUT_RETURN_TYPE = YES_ERROR;
				GCC_WARN_UNDECLARED_SELECTOR = YES;
				GCC_WARN_UNINITIALIZED_AUTOS = YES_AGGRESSIVE;
				GCC_WARN_UNUSED_FUNCTION = YES;
				GCC_WARN_UNUSED_VARIABLE = YES;
				IPHONEOS_DEPLOYMENT_TARGET = 17.2;
				LOCALIZATION_PREFERS_STRING_CATALOGS = YES;
				MTL_ENABLE_DEBUG_INFO = INCLUDE_SOURCE;
				MTL_FAST_MATH = YES;
				ONLY_ACTIVE_ARCH = YES;
				SDKROOT = iphoneos;
				SWIFT_ACTIVE_COMPILATION_CONDITIONS = "DEBUG $(inherited)";
				SWIFT_OPTIMIZATION_LEVEL = "-Onone";
			};
			name = Debug;
		};
		34EFBEE82B87ED1900C938B9 /* Release */ = {
			isa = XCBuildConfiguration;
			buildSettings = {
				ALWAYS_SEARCH_USER_PATHS = NO;
				ASSETCATALOG_COMPILER_GENERATE_SWIFT_ASSET_SYMBOL_EXTENSIONS = YES;
				CLANG_ANALYZER_NONNULL = YES;
				CLANG_ANALYZER_NUMBER_OBJECT_CONVERSION = YES_AGGRESSIVE;
				CLANG_CXX_LANGUAGE_STANDARD = "gnu++20";
				CLANG_ENABLE_MODULES = YES;
				CLANG_ENABLE_OBJC_ARC = YES;
				CLANG_ENABLE_OBJC_WEAK = YES;
				CLANG_WARN_BLOCK_CAPTURE_AUTORELEASING = YES;
				CLANG_WARN_BOOL_CONVERSION = YES;
				CLANG_WARN_COMMA = YES;
				CLANG_WARN_CONSTANT_CONVERSION = YES;
				CLANG_WARN_DEPRECATED_OBJC_IMPLEMENTATIONS = YES;
				CLANG_WARN_DIRECT_OBJC_ISA_USAGE = YES_ERROR;
				CLANG_WARN_DOCUMENTATION_COMMENTS = YES;
				CLANG_WARN_EMPTY_BODY = YES;
				CLANG_WARN_ENUM_CONVERSION = YES;
				CLANG_WARN_INFINITE_RECURSION = YES;
				CLANG_WARN_INT_CONVERSION = YES;
				CLANG_WARN_NON_LITERAL_NULL_CONVERSION = YES;
				CLANG_WARN_OBJC_IMPLICIT_RETAIN_SELF = YES;
				CLANG_WARN_OBJC_LITERAL_CONVERSION = YES;
				CLANG_WARN_OBJC_ROOT_CLASS = YES_ERROR;
				CLANG_WARN_QUOTED_INCLUDE_IN_FRAMEWORK_HEADER = YES;
				CLANG_WARN_RANGE_LOOP_ANALYSIS = YES;
				CLANG_WARN_STRICT_PROTOTYPES = YES;
				CLANG_WARN_SUSPICIOUS_MOVE = YES;
				CLANG_WARN_UNGUARDED_AVAILABILITY = YES_AGGRESSIVE;
				CLANG_WARN_UNREACHABLE_CODE = YES;
				CLANG_WARN__DUPLICATE_METHOD_MATCH = YES;
				COPY_PHASE_STRIP = NO;
				DEBUG_INFORMATION_FORMAT = "dwarf-with-dsym";
				ENABLE_NS_ASSERTIONS = NO;
				ENABLE_STRICT_OBJC_MSGSEND = YES;
				ENABLE_USER_SCRIPT_SANDBOXING = YES;
				GCC_C_LANGUAGE_STANDARD = gnu17;
				GCC_NO_COMMON_BLOCKS = YES;
				GCC_WARN_64_TO_32_BIT_CONVERSION = YES;
				GCC_WARN_ABOUT_RETURN_TYPE = YES_ERROR;
				GCC_WARN_UNDECLARED_SELECTOR = YES;
				GCC_WARN_UNINITIALIZED_AUTOS = YES_AGGRESSIVE;
				GCC_WARN_UNUSED_FUNCTION = YES;
				GCC_WARN_UNUSED_VARIABLE = YES;
				IPHONEOS_DEPLOYMENT_TARGET = 17.2;
				LOCALIZATION_PREFERS_STRING_CATALOGS = YES;
				MTL_ENABLE_DEBUG_INFO = NO;
				MTL_FAST_MATH = YES;
				SDKROOT = iphoneos;
				SWIFT_COMPILATION_MODE = wholemodule;
				VALIDATE_PRODUCT = YES;
			};
			name = Release;
		};
		34EFBEEA2B87ED1900C938B9 /* Debug */ = {
			isa = XCBuildConfiguration;
			buildSettings = {
				ASSETCATALOG_COMPILER_APPICON_NAME = AppIcon;
				ASSETCATALOG_COMPILER_GLOBAL_ACCENT_COLOR_NAME = AccentColor;
				CODE_SIGN_STYLE = Automatic;
				CURRENT_PROJECT_VERSION = 1;
				DEVELOPMENT_TEAM = J5P95JSAVD;
				GENERATE_INFOPLIST_FILE = YES;
				INFOPLIST_FILE = GithubFollowers/Info.plist;
				INFOPLIST_KEY_UIApplicationSupportsIndirectInputEvents = YES;
				INFOPLIST_KEY_UILaunchStoryboardName = LaunchScreen;
				INFOPLIST_KEY_UISupportedInterfaceOrientations = UIInterfaceOrientationPortrait;
				INFOPLIST_KEY_UISupportedInterfaceOrientations_iPad = "UIInterfaceOrientationLandscapeLeft UIInterfaceOrientationLandscapeRight UIInterfaceOrientationPortrait UIInterfaceOrientationPortraitUpsideDown";
				LD_RUNPATH_SEARCH_PATHS = (
					"$(inherited)",
					"@executable_path/Frameworks",
				);
				MARKETING_VERSION = 1.0;
				PRODUCT_BUNDLE_IDENTIFIER = com.matthewtripodi.GithubFollowers;
				PRODUCT_NAME = "$(TARGET_NAME)";
				SWIFT_EMIT_LOC_STRINGS = YES;
				SWIFT_VERSION = 5.0;
				TARGETED_DEVICE_FAMILY = "1,2";
			};
			name = Debug;
		};
		34EFBEEB2B87ED1900C938B9 /* Release */ = {
			isa = XCBuildConfiguration;
			buildSettings = {
				ASSETCATALOG_COMPILER_APPICON_NAME = AppIcon;
				ASSETCATALOG_COMPILER_GLOBAL_ACCENT_COLOR_NAME = AccentColor;
				CODE_SIGN_STYLE = Automatic;
				CURRENT_PROJECT_VERSION = 1;
				DEVELOPMENT_TEAM = J5P95JSAVD;
				GENERATE_INFOPLIST_FILE = YES;
				INFOPLIST_FILE = GithubFollowers/Info.plist;
				INFOPLIST_KEY_UIApplicationSupportsIndirectInputEvents = YES;
				INFOPLIST_KEY_UILaunchStoryboardName = LaunchScreen;
				INFOPLIST_KEY_UISupportedInterfaceOrientations = UIInterfaceOrientationPortrait;
				INFOPLIST_KEY_UISupportedInterfaceOrientations_iPad = "UIInterfaceOrientationLandscapeLeft UIInterfaceOrientationLandscapeRight UIInterfaceOrientationPortrait UIInterfaceOrientationPortraitUpsideDown";
				LD_RUNPATH_SEARCH_PATHS = (
					"$(inherited)",
					"@executable_path/Frameworks",
				);
				MARKETING_VERSION = 1.0;
				PRODUCT_BUNDLE_IDENTIFIER = com.matthewtripodi.GithubFollowers;
				PRODUCT_NAME = "$(TARGET_NAME)";
				SWIFT_EMIT_LOC_STRINGS = YES;
				SWIFT_VERSION = 5.0;
				TARGETED_DEVICE_FAMILY = "1,2";
			};
			name = Release;
		};
/* End XCBuildConfiguration section */

/* Begin XCConfigurationList section */
		34EFBED02B87ED1800C938B9 /* Build configuration list for PBXProject "GithubFollowers" */ = {
			isa = XCConfigurationList;
			buildConfigurations = (
				34EFBEE72B87ED1900C938B9 /* Debug */,
				34EFBEE82B87ED1900C938B9 /* Release */,
			);
			defaultConfigurationIsVisible = 0;
			defaultConfigurationName = Release;
		};
		34EFBEE92B87ED1900C938B9 /* Build configuration list for PBXNativeTarget "GithubFollowers" */ = {
			isa = XCConfigurationList;
			buildConfigurations = (
				34EFBEEA2B87ED1900C938B9 /* Debug */,
				34EFBEEB2B87ED1900C938B9 /* Release */,
			);
			defaultConfigurationIsVisible = 0;
			defaultConfigurationName = Release;
		};
/* End XCConfigurationList section */
	};
	rootObject = 34EFBECD2B87ED1800C938B9 /* Project object */;
}
